
Microsoft Visual Studio Solution File, Format Version 12.00
# Visual Studio Version 17
VisualStudioVersion = 17.13.35931.197 d17.13
MinimumVisualStudioVersion = 10.0.40219.1
Project("{FAE04EC0-301F-11D3-BF4B-00C04F79EFBC}") = "BooksAdmin", "BooksAdmin\BooksAdmin.csproj", "{07A1AD9F-1D57-437F-927E-E000DABE2B01}"
EndProject
Global
	GlobalSection(SolutionConfigurationPlatforms) = preSolution
		Debug|Any CPU = Debug|Any CPU
		Release|Any CPU = Release|Any CPU
	EndGlobalSection
	GlobalSection(ProjectConfigurationPlatforms) = postSolution
		{07A1AD9F-1D57-437F-927E-E000DABE2B01}.Debug|Any CPU.ActiveCfg = Debug|Any CPU
		{07A1AD9F-1D57-437F-927E-E000DABE2B01}.Debug|Any CPU.Build.0 = Debug|Any CPU
		{07A1AD9F-1D57-437F-927E-E000DABE2B01}.Release|Any CPU.ActiveCfg = Release|Any CPU
		{07A1AD9F-1D57-437F-927E-E000DABE2B01}.Release|Any CPU.Build.0 = Release|Any CPU
	EndGlobalSection
	GlobalSection(SolutionProperties) = preSolution
		HideSolutionNode = FALSE
	EndGlobalSection
	GlobalSection(ExtensibilityGlobals) = postSolution
		SolutionGuid = {5F3280A4-991F-4912-A342-433117979087}
	EndGlobalSection
EndGlobal
